
Microsoft Visual Studio Solution File, Format Version 12.00
# Visual Studio 15
VisualStudioVersion = 15.0.28307.705
MinimumVisualStudioVersion = 10.0.40219.1
Project("{FAE04EC0-301F-11D3-BF4B-00C04F79EFBC}") = "BudgetManagerAPI", "BudgetManagerAPI\BudgetManagerAPI.csproj", "{F27D8997-D3DC-4C04-92AB-8D1D24D79CF5}"
EndProject
Global
	GlobalSection(SolutionConfigurationPlatforms) = preSolution
		Debug|Any CPU = Debug|Any CPU
		Release|Any CPU = Release|Any CPU
	EndGlobalSection
	GlobalSection(ProjectConfigurationPlatforms) = postSolution
		{F27D8997-D3DC-4C04-92AB-8D1D24D79CF5}.Debug|Any CPU.ActiveCfg = Debug|Any CPU
		{F27D8997-D3DC-4C04-92AB-8D1D24D79CF5}.Debug|Any CPU.Build.0 = Debug|Any CPU
		{F27D8997-D3DC-4C04-92AB-8D1D24D79CF5}.Release|Any CPU.ActiveCfg = Release|Any CPU
		{F27D8997-D3DC-4C04-92AB-8D1D24D79CF5}.Release|Any CPU.Build.0 = Release|Any CPU
	EndGlobalSection
	GlobalSection(SolutionProperties) = preSolution
		HideSolutionNode = FALSE
	EndGlobalSection
	GlobalSection(ExtensibilityGlobals) = postSolution
		SolutionGuid = {D8DE6658-225F-4719-8D9A-5AFD30FF2A81}
	EndGlobalSection
EndGlobal
